
Microsoft Visual Studio Solution File, Format Version 12.00
# Visual Studio Version 17
VisualStudioVersion = 17.4.33213.308
MinimumVisualStudioVersion = 10.0.40219.1
Project("{FAE04EC0-301F-11D3-BF4B-00C04F79EFBC}") = "demo_01", "demo_01\demo_01.csproj", "{CD7E0501-FAC4-42A5-A8E1-253280D305FC}"
EndProject
Global
	GlobalSection(SolutionConfigurationPlatforms) = preSolution
		Debug|Any CPU = Debug|Any CPU
		Release|Any CPU = Release|Any CPU
	EndGlobalSection
	GlobalSection(ProjectConfigurationPlatforms) = postSolution
		{CD7E0501-FAC4-42A5-A8E1-253280D305FC}.Debug|Any CPU.ActiveCfg = Debug|Any CPU
		{CD7E0501-FAC4-42A5-A8E1-253280D305FC}.Debug|Any CPU.Build.0 = Debug|Any CPU
		{CD7E0501-FAC4-42A5-A8E1-253280D305FC}.Release|Any CPU.ActiveCfg = Release|Any CPU
		{CD7E0501-FAC4-42A5-A8E1-253280D305FC}.Release|Any CPU.Build.0 = Release|Any CPU
	EndGlobalSection
	GlobalSection(SolutionProperties) = preSolution
		HideSolutionNode = FALSE
	EndGlobalSection
	GlobalSection(ExtensibilityGlobals) = postSolution
		SolutionGuid = {64649AB7-BFCF-4180-8390-C39E8406BA27}
	EndGlobalSection
EndGlobal
